// !$*UTF8*$!
{
	archiveVersion = 1;
	classes = {
	};
	objectVersion = 48;
	objects = {

/* Begin PBXBuildFile section */
		631DFBE71FDC6BEA00FFE2C7 /* AppDelegate.swift in Sources */ = {isa = PBXBuildFile; fileRef = 631DFBE61FDC6BEA00FFE2C7 /* AppDelegate.swift */; };
		631DFBE91FDC6BEA00FFE2C7 /* AppListController.swift in Sources */ = {isa = PBXBuildFile; fileRef = 631DFBE81FDC6BEA00FFE2C7 /* AppListController.swift */; };
		631DFBEE1FDC6BEA00FFE2C7 /* Assets.xcassets in Resources */ = {isa = PBXBuildFile; fileRef = 631DFBED1FDC6BEA00FFE2C7 /* Assets.xcassets */; };
		631DFBF11FDC6BEA00FFE2C7 /* LaunchScreen.storyboard in Resources */ = {isa = PBXBuildFile; fileRef = 631DFBEF1FDC6BEA00FFE2C7 /* LaunchScreen.storyboard */; };
		631DFBFC1FDC830600FFE2C7 /* Anchoring_UIViewExtension.swift in Sources */ = {isa = PBXBuildFile; fileRef = 631DFBFA1FDC830600FFE2C7 /* Anchoring_UIViewExtension.swift */; };
		631DFBFD1FDC830600FFE2C7 /* LeftPaddedTextField.swift in Sources */ = {isa = PBXBuildFile; fileRef = 631DFBFB1FDC830600FFE2C7 /* LeftPaddedTextField.swift */; };
		631DFC001FDC845600FFE2C7 /* NetworkingProvider.swift in Sources */ = {isa = PBXBuildFile; fileRef = 631DFBFF1FDC845600FFE2C7 /* NetworkingProvider.swift */; };
		631DFC021FDC84C900FFE2C7 /* URLSessionClient.swift in Sources */ = {isa = PBXBuildFile; fileRef = 631DFC011FDC84C900FFE2C7 /* URLSessionClient.swift */; };
		631DFC051FDC859E00FFE2C7 /* AppsFactoryProvider.swift in Sources */ = {isa = PBXBuildFile; fileRef = 631DFC041FDC859E00FFE2C7 /* AppsFactoryProvider.swift */; };
		631DFC071FDC85E000FFE2C7 /* App.swift in Sources */ = {isa = PBXBuildFile; fileRef = 631DFC061FDC85E000FFE2C7 /* App.swift */; };
		631DFC0A1FDC866000FFE2C7 /* AppsDataProvider.swift in Sources */ = {isa = PBXBuildFile; fileRef = 631DFC091FDC866000FFE2C7 /* AppsDataProvider.swift */; };
		631DFC0C1FDC871400FFE2C7 /* AppsDataSource.swift in Sources */ = {isa = PBXBuildFile; fileRef = 631DFC0B1FDC871400FFE2C7 /* AppsDataSource.swift */; };
		631DFC0E1FDC879B00FFE2C7 /* AppFactory.swift in Sources */ = {isa = PBXBuildFile; fileRef = 631DFC0D1FDC879B00FFE2C7 /* AppFactory.swift */; };
		631DFC121FDC8BF400FFE2C7 /* ListDisplayableDataProvider.swift in Sources */ = {isa = PBXBuildFile; fileRef = 631DFC111FDC8BF400FFE2C7 /* ListDisplayableDataProvider.swift */; };
		631DFC141FDC8C9300FFE2C7 /* AppsManager.swift in Sources */ = {isa = PBXBuildFile; fileRef = 631DFC131FDC8C9300FFE2C7 /* AppsManager.swift */; };
		631DFC161FDC8D0800FFE2C7 /* ListDisplayable.swift in Sources */ = {isa = PBXBuildFile; fileRef = 631DFC151FDC8D0800FFE2C7 /* ListDisplayable.swift */; };
		631DFC1A1FDC952800FFE2C7 /* AppCell.swift in Sources */ = {isa = PBXBuildFile; fileRef = 631DFC191FDC952800FFE2C7 /* AppCell.swift */; };
		631DFC1D1FDD24F100FFE2C7 /* ImageProvider.swift in Sources */ = {isa = PBXBuildFile; fileRef = 631DFC1C1FDD24F100FFE2C7 /* ImageProvider.swift */; };
		631DFC1F1FDD256F00FFE2C7 /* ImageFactory.swift in Sources */ = {isa = PBXBuildFile; fileRef = 631DFC1E1FDD256F00FFE2C7 /* ImageFactory.swift */; };
/* End PBXBuildFile section */

/* Begin PBXFileReference section */
		631DFBE31FDC6BEA00FFE2C7 /* ScalableAPIClientDemo.app */ = {isa = PBXFileReference; explicitFileType = wrapper.application; includeInIndex = 0; path = ScalableAPIClientDemo.app; sourceTree = BUILT_PRODUCTS_DIR; };
		631DFBE61FDC6BEA00FFE2C7 /* AppDelegate.swift */ = {isa = PBXFileReference; lastKnownFileType = sourcecode.swift; path = AppDelegate.swift; sourceTree = "<group>"; };
		631DFBE81FDC6BEA00FFE2C7 /* AppListController.swift */ = {isa = PBXFileReference; lastKnownFileType = sourcecode.swift; path = AppListController.swift; sourceTree = "<group>"; };
		631DFBED1FDC6BEA00FFE2C7 /* Assets.xcassets */ = {isa = PBXFileReference; lastKnownFileType = folder.assetcatalog; path = Assets.xcassets; sourceTree = "<group>"; };
		631DFBF01FDC6BEA00FFE2C7 /* Base */ = {isa = PBXFileReference; lastKnownFileType = file.storyboard; name = Base; path = Base.lproj/LaunchScreen.storyboard; sourceTree = "<group>"; };
		631DFBF21FDC6BEA00FFE2C7 /* Info.plist */ = {isa = PBXFileReference; lastKnownFileType = text.plist.xml; path = Info.plist; sourceTree = "<group>"; };
		631DFBFA1FDC830600FFE2C7 /* Anchoring_UIViewExtension.swift */ = {isa = PBXFileReference; fileEncoding = 4; lastKnownFileType = sourcecode.swift; path = Anchoring_UIViewExtension.swift; sourceTree = "<group>"; };
		631DFBFB1FDC830600FFE2C7 /* LeftPaddedTextField.swift */ = {isa = PBXFileReference; fileEncoding = 4; lastKnownFileType = sourcecode.swift; path = LeftPaddedTextField.swift; sourceTree = "<group>"; };
		631DFBFF1FDC845600FFE2C7 /* NetworkingProvider.swift */ = {isa = PBXFileReference; lastKnownFileType = sourcecode.swift; path = NetworkingProvider.swift; sourceTree = "<group>"; };
		631DFC011FDC84C900FFE2C7 /* URLSessionClient.swift */ = {isa = PBXFileReference; lastKnownFileType = sourcecode.swift; path = URLSessionClient.swift; sourceTree = "<group>"; };
		631DFC041FDC859E00FFE2C7 /* AppsFactoryProvider.swift */ = {isa = PBXFileReference; lastKnownFileType = sourcecode.swift; path = AppsFactoryProvider.swift; sourceTree = "<group>"; };
		631DFC061FDC85E000FFE2C7 /* App.swift */ = {isa = PBXFileReference; lastKnownFileType = sourcecode.swift; path = App.swift; sourceTree = "<group>"; };
		631DFC091FDC866000FFE2C7 /* AppsDataProvider.swift */ = {isa = PBXFileReference; lastKnownFileType = sourcecode.swift; path = AppsDataProvider.swift; sourceTree = "<group>"; };
		631DFC0B1FDC871400FFE2C7 /* AppsDataSource.swift */ = {isa = PBXFileReference; lastKnownFileType = sourcecode.swift; path = AppsDataSource.swift; sourceTree = "<group>"; };
		631DFC0D1FDC879B00FFE2C7 /* AppFactory.swift */ = {isa = PBXFileReference; lastKnownFileType = sourcecode.swift; path = AppFactory.swift; sourceTree = "<group>"; };
		631DFC111FDC8BF400FFE2C7 /* ListDisplayableDataProvider.swift */ = {isa = PBXFileReference; lastKnownFileType = sourcecode.swift; path = ListDisplayableDataProvider.swift; sourceTree = "<group>"; };
		631DFC131FDC8C9300FFE2C7 /* AppsManager.swift */ = {isa = PBXFileReference; lastKnownFileType = sourcecode.swift; path = AppsManager.swift; sourceTree = "<group>"; };
		631DFC151FDC8D0800FFE2C7 /* ListDisplayable.swift */ = {isa = PBXFileReference; lastKnownFileType = sourcecode.swift; path = ListDisplayable.swift; sourceTree = "<group>"; };
		631DFC191FDC952800FFE2C7 /* AppCell.swift */ = {isa = PBXFileReference; lastKnownFileType = sourcecode.swift; path = AppCell.swift; sourceTree = "<group>"; };
		631DFC1C1FDD24F100FFE2C7 /* ImageProvider.swift */ = {isa = PBXFileReference; lastKnownFileType = sourcecode.swift; path = ImageProvider.swift; sourceTree = "<group>"; };
		631DFC1E1FDD256F00FFE2C7 /* ImageFactory.swift */ = {isa = PBXFileReference; lastKnownFileType = sourcecode.swift; path = ImageFactory.swift; sourceTree = "<group>"; };
/* End PBXFileReference section */

/* Begin PBXFrameworksBuildPhase section */
		631DFBE01FDC6BEA00FFE2C7 /* Frameworks */ = {
			isa = PBXFrameworksBuildPhase;
			buildActionMask = 2147483647;
			files = (
			);
			runOnlyForDeploymentPostprocessing = 0;
		};
/* End PBXFrameworksBuildPhase section */

/* Begin PBXGroup section */
		631DFBDA1FDC6BEA00FFE2C7 = {
			isa = PBXGroup;
			children = (
				631DFBE51FDC6BEA00FFE2C7 /* ScalableAPIClientDemo */,
				631DFBE41FDC6BEA00FFE2C7 /* Products */,
			);
			sourceTree = "<group>";
		};
		631DFBE41FDC6BEA00FFE2C7 /* Products */ = {
			isa = PBXGroup;
			children = (
				631DFBE31FDC6BEA00FFE2C7 /* ScalableAPIClientDemo.app */,
			);
			name = Products;
			sourceTree = "<group>";
		};
		631DFBE51FDC6BEA00FFE2C7 /* ScalableAPIClientDemo */ = {
			isa = PBXGroup;
			children = (
				631DFBE61FDC6BEA00FFE2C7 /* AppDelegate.swift */,
				631DFBE81FDC6BEA00FFE2C7 /* AppListController.swift */,
				631DFC191FDC952800FFE2C7 /* AppCell.swift */,
				631DFC201FDD279200FFE2C7 /* Image Provider */,
				631DFC1B1FDD23DA00FFE2C7 /* Business Logic Managment */,
				631DFC031FDC84CD00FFE2C7 /* Networking */,
				631DFC0F1FDC896100FFE2C7 /* Factory */,
				631DFC101FDC8BC200FFE2C7 /* Data Provider */,
				631DFC081FDC864D00FFE2C7 /* Model */,
				631DFBFE1FDC83A400FFE2C7 /* Custom Helpers */,
				631DFBEF1FDC6BEA00FFE2C7 /* LaunchScreen.storyboard */,
				631DFBED1FDC6BEA00FFE2C7 /* Assets.xcassets */,
				631DFBF21FDC6BEA00FFE2C7 /* Info.plist */,
			);
			path = ScalableAPIClientDemo;
			sourceTree = "<group>";
		};
		631DFBFE1FDC83A400FFE2C7 /* Custom Helpers */ = {
			isa = PBXGroup;
			children = (
				631DFBFA1FDC830600FFE2C7 /* Anchoring_UIViewExtension.swift */,
				631DFBFB1FDC830600FFE2C7 /* LeftPaddedTextField.swift */,
			);
			path = "Custom Helpers";
			sourceTree = "<group>";
		};
		631DFC031FDC84CD00FFE2C7 /* Networking */ = {
			isa = PBXGroup;
			children = (
				631DFBFF1FDC845600FFE2C7 /* NetworkingProvider.swift */,
				631DFC011FDC84C900FFE2C7 /* URLSessionClient.swift */,
			);
			path = Networking;
			sourceTree = "<group>";
		};
		631DFC081FDC864D00FFE2C7 /* Model */ = {
			isa = PBXGroup;
			children = (
				631DFC061FDC85E000FFE2C7 /* App.swift */,
			);
			path = Model;
			sourceTree = "<group>";
		};
		631DFC0F1FDC896100FFE2C7 /* Factory */ = {
			isa = PBXGroup;
			children = (
				631DFC041FDC859E00FFE2C7 /* AppsFactoryProvider.swift */,
				631DFC0D1FDC879B00FFE2C7 /* AppFactory.swift */,
			);
			path = Factory;
			sourceTree = "<group>";
		};
		631DFC101FDC8BC200FFE2C7 /* Data Provider */ = {
			isa = PBXGroup;
			children = (
				631DFC091FDC866000FFE2C7 /* AppsDataProvider.swift */,
				631DFC0B1FDC871400FFE2C7 /* AppsDataSource.swift */,
			);
			path = "Data Provider";
			sourceTree = "<group>";
		};
		631DFC1B1FDD23DA00FFE2C7 /* Business Logic Managment */ = {
			isa = PBXGroup;
			children = (
				631DFC111FDC8BF400FFE2C7 /* ListDisplayableDataProvider.swift */,
				631DFC151FDC8D0800FFE2C7 /* ListDisplayable.swift */,
				631DFC131FDC8C9300FFE2C7 /* AppsManager.swift */,
			);
			path = "Business Logic Managment";
			sourceTree = "<group>";
		};
		631DFC201FDD279200FFE2C7 /* Image Provider */ = {
			isa = PBXGroup;
			children = (
				631DFC1C1FDD24F100FFE2C7 /* ImageProvider.swift */,
				631DFC1E1FDD256F00FFE2C7 /* ImageFactory.swift */,
			);
			path = "Image Provider";
			sourceTree = "<group>";
		};
/* End PBXGroup section */

/* Begin PBXNativeTarget section */
		631DFBE21FDC6BEA00FFE2C7 /* ScalableAPIClientDemo */ = {
			isa = PBXNativeTarget;
			buildConfigurationList = 631DFBF51FDC6BEA00FFE2C7 /* Build configuration list for PBXNativeTarget "ScalableAPIClientDemo" */;
			buildPhases = (
				631DFBDF1FDC6BEA00FFE2C7 /* Sources */,
				631DFBE01FDC6BEA00FFE2C7 /* Frameworks */,
				631DFBE11FDC6BEA00FFE2C7 /* Resources */,
			);
			buildRules = (
			);
			dependencies = (
			);
			name = ScalableAPIClientDemo;
			productName = ScalableAPIClientDemo;
			productReference = 631DFBE31FDC6BEA00FFE2C7 /* ScalableAPIClientDemo.app */;
			productType = "com.apple.product-type.application";
		};
/* End PBXNativeTarget section */

/* Begin PBXProject section */
		631DFBDB1FDC6BEA00FFE2C7 /* Project object */ = {
			isa = PBXProject;
			attributes = {
				LastSwiftUpdateCheck = 0920;
				LastUpgradeCheck = 0920;
				ORGANIZATIONNAME = David;
				TargetAttributes = {
					631DFBE21FDC6BEA00FFE2C7 = {
						CreatedOnToolsVersion = 9.2;
						ProvisioningStyle = Automatic;
					};
				};
			};
			buildConfigurationList = 631DFBDE1FDC6BEA00FFE2C7 /* Build configuration list for PBXProject "ScalableAPIClientDemo" */;
			compatibilityVersion = "Xcode 8.0";
			developmentRegion = en;
			hasScannedForEncodings = 0;
			knownRegions = (
				en,
				Base,
			);
			mainGroup = 631DFBDA1FDC6BEA00FFE2C7;
			productRefGroup = 631DFBE41FDC6BEA00FFE2C7 /* Products */;
			projectDirPath = "";
			projectRoot = "";
			targets = (
				631DFBE21FDC6BEA00FFE2C7 /* ScalableAPIClientDemo */,
			);
		};
/* End PBXProject section */

/* Begin PBXResourcesBuildPhase section */
		631DFBE11FDC6BEA00FFE2C7 /* Resources */ = {
			isa = PBXResourcesBuildPhase;
			buildActionMask = 2147483647;
			files = (
				631DFBF11FDC6BEA00FFE2C7 /* LaunchScreen.storyboard in Resources */,
				631DFBEE1FDC6BEA00FFE2C7 /* Assets.xcassets in Resources */,
			);
			runOnlyForDeploymentPostprocessing = 0;
		};
/* End PBXResourcesBuildPhase section */

/* Begin PBXSourcesBuildPhase section */
		631DFBDF1FDC6BEA00FFE2C7 /* Sources */ = {
			isa = PBXSourcesBuildPhase;
			buildActionMask = 2147483647;
			files = (
				631DFC1A1FDC952800FFE2C7 /* AppCell.swift in Sources */,
				631DFBFC1FDC830600FFE2C7 /* Anchoring_UIViewExtension.swift in Sources */,
				631DFC0E1FDC879B00FFE2C7 /* AppFactory.swift in Sources */,
				631DFC1F1FDD256F00FFE2C7 /* ImageFactory.swift in Sources */,
				631DFC0A1FDC866000FFE2C7 /* AppsDataProvider.swift in Sources */,
				631DFC021FDC84C900FFE2C7 /* URLSessionClient.swift in Sources */,
				631DFC141FDC8C9300FFE2C7 /* AppsManager.swift in Sources */,
				631DFBE91FDC6BEA00FFE2C7 /* AppListController.swift in Sources */,
				631DFC161FDC8D0800FFE2C7 /* ListDisplayable.swift in Sources */,
				631DFC0C1FDC871400FFE2C7 /* AppsDataSource.swift in Sources */,
				631DFBFD1FDC830600FFE2C7 /* LeftPaddedTextField.swift in Sources */,
				631DFC001FDC845600FFE2C7 /* NetworkingProvider.swift in Sources */,
				631DFC1D1FDD24F100FFE2C7 /* ImageProvider.swift in Sources */,
				631DFC071FDC85E000FFE2C7 /* App.swift in Sources */,
				631DFC121FDC8BF400FFE2C7 /* ListDisplayableDataProvider.swift in Sources */,
				631DFBE71FDC6BEA00FFE2C7 /* AppDelegate.swift in Sources */,
				631DFC051FDC859E00FFE2C7 /* AppsFactoryProvider.swift in Sources */,
			);
			runOnlyForDeploymentPostprocessing = 0;
		};
/* End PBXSourcesBuildPhase section */

/* Begin PBXVariantGroup section */
		631DFBEF1FDC6BEA00FFE2C7 /* LaunchScreen.storyboard */ = {
			isa = PBXVariantGroup;
			children = (
				631DFBF01FDC6BEA00FFE2C7 /* Base */,
			);
			name = LaunchScreen.storyboard;
			sourceTree = "<group>";
		};
/* End PBXVariantGroup section */

/* Begin XCBuildConfiguration section */
		631DFBF31FDC6BEA00FFE2C7 /* Debug */ = {
			isa = XCBuildConfiguration;
			buildSettings = {
				ALWAYS_SEARCH_USER_PATHS = NO;
				CLANG_ANALYZER_NONNULL = YES;
				CLANG_ANALYZER_NUMBER_OBJECT_CONVERSION = YES_AGGRESSIVE;
				CLANG_CXX_LANGUAGE_STANDARD = "gnu++14";
				CLANG_CXX_LIBRARY = "libc++";
				CLANG_ENABLE_MODULES = YES;
				CLANG_ENABLE_OBJC_ARC = YES;
				CLANG_WARN_BLOCK_CAPTURE_AUTORELEASING = YES;
				CLANG_WARN_BOOL_CONVERSION = YES;
				CLANG_WARN_COMMA = YES;
				CLANG_WARN_CONSTANT_CONVERSION = YES;
				CLANG_WARN_DIRECT_OBJC_ISA_USAGE = YES_ERROR;
				CLANG_WARN_DOCUMENTATION_COMMENTS = YES;
				CLANG_WARN_EMPTY_BODY = YES;
				CLANG_WARN_ENUM_CONVERSION = YES;
				CLANG_WARN_INFINITE_RECURSION = YES;
				CLANG_WARN_INT_CONVERSION = YES;
				CLANG_WARN_NON_LITERAL_NULL_CONVERSION = YES;
				CLANG_WARN_OBJC_LITERAL_CONVERSION = YES;
				CLANG_WARN_OBJC_ROOT_CLASS = YES_ERROR;
				CLANG_WARN_RANGE_LOOP_ANALYSIS = YES;
				CLANG_WARN_STRICT_PROTOTYPES = YES;
				CLANG_WARN_SUSPICIOUS_MOVE = YES;
				CLANG_WARN_UNGUARDED_AVAILABILITY = YES_AGGRESSIVE;
				CLANG_WARN_UNREACHABLE_CODE = YES;
				CLANG_WARN__DUPLICATE_METHOD_MATCH = YES;
				CODE_SIGN_IDENTITY = "iPhone Developer";
				COPY_PHASE_STRIP = NO;
				DEBUG_INFORMATION_FORMAT = dwarf;
				ENABLE_STRICT_OBJC_MSGSEND = YES;
				ENABLE_TESTABILITY = YES;
				GCC_C_LANGUAGE_STANDARD = gnu11;
				GCC_DYNAMIC_NO_PIC = NO;
				GCC_NO_COMMON_BLOCKS = YES;
				GCC_OPTIMIZATION_LEVEL = 0;
				GCC_PREPROCESSOR_DEFINITIONS = (
					"DEBUG=1",
					"$(inherited)",
				);
				GCC_WARN_64_TO_32_BIT_CONVERSION = YES;
				GCC_WARN_ABOUT_RETURN_TYPE = YES_ERROR;
				GCC_WARN_UNDECLARED_SELECTOR = YES;
				GCC_WARN_UNINITIALIZED_AUTOS = YES_AGGRESSIVE;
				GCC_WARN_UNUSED_FUNCTION = YES;
				GCC_WARN_UNUSED_VARIABLE = YES;
				IPHONEOS_DEPLOYMENT_TARGET = 11.2;
				MTL_ENABLE_DEBUG_INFO = YES;
				ONLY_ACTIVE_ARCH = YES;
				SDKROOT = iphoneos;
				SWIFT_ACTIVE_COMPILATION_CONDITIONS = DEBUG;
				SWIFT_OPTIMIZATION_LEVEL = "-Onone";
			};
			name = Debug;
		};
		631DFBF41FDC6BEA00FFE2C7 /* Release */ = {
			isa = XCBuildConfiguration;
			buildSettings = {
				ALWAYS_SEARCH_USER_PATHS = NO;
				CLANG_ANALYZER_NONNULL = YES;
				CLANG_ANALYZER_NUMBER_OBJECT_CONVERSION = YES_AGGRESSIVE;
				CLANG_CXX_LANGUAGE_STANDARD = "gnu++14";
				CLANG_CXX_LIBRARY = "libc++";
				CLANG_ENABLE_MODULES = YES;
				CLANG_ENABLE_OBJC_ARC = YES;
				CLANG_WARN_BLOCK_CAPTURE_AUTORELEASING = YES;
				CLANG_WARN_BOOL_CONVERSION = YES;
				CLANG_WARN_COMMA = YES;
				CLANG_WARN_CONSTANT_CONVERSION = YES;
				CLANG_WARN_DIRECT_OBJC_ISA_USAGE = YES_ERROR;
				CLANG_WARN_DOCUMENTATION_COMMENTS = YES;
				CLANG_WARN_EMPTY_BODY = YES;
				CLANG_WARN_ENUM_CONVERSION = YES;
				CLANG_WARN_INFINITE_RECURSION = YES;
				CLANG_WARN_INT_CONVERSION = YES;
				CLANG_WARN_NON_LITERAL_NULL_CONVERSION = YES;
				CLANG_WARN_OBJC_LITERAL_CONVERSION = YES;
				CLANG_WARN_OBJC_ROOT_CLASS = YES_ERROR;
				CLANG_WARN_RANGE_LOOP_ANALYSIS = YES;
				CLANG_WARN_STRICT_PROTOTYPES = YES;
				CLANG_WARN_SUSPICIOUS_MOVE = YES;
				CLANG_WARN_UNGUARDED_AVAILABILITY = YES_AGGRESSIVE;
				CLANG_WARN_UNREACHABLE_CODE = YES;
				CLANG_WARN__DUPLICATE_METHOD_MATCH = YES;
				CODE_SIGN_IDENTITY = "iPhone Developer";
				COPY_PHASE_STRIP = NO;
				DEBUG_INFORMATION_FORMAT = "dwarf-with-dsym";
				ENABLE_NS_ASSERTIONS = NO;
				ENABLE_STRICT_OBJC_MSGSEND = YES;
				GCC_C_LANGUAGE_STANDARD = gnu11;
				GCC_NO_COMMON_BLOCKS = YES;
				GCC_WARN_64_TO_32_BIT_CONVERSION = YES;
				GCC_WARN_ABOUT_RETURN_TYPE = YES_ERROR;
				GCC_WARN_UNDECLARED_SELECTOR = YES;
				GCC_WARN_UNINITIALIZED_AUTOS = YES_AGGRESSIVE;
				GCC_WARN_UNUSED_FUNCTION = YES;
				GCC_WARN_UNUSED_VARIABLE = YES;
				IPHONEOS_DEPLOYMENT_TARGET = 11.2;
				MTL_ENABLE_DEBUG_INFO = NO;
				SDKROOT = iphoneos;
				SWIFT_OPTIMIZATION_LEVEL = "-Owholemodule";
				VALIDATE_PRODUCT = YES;
			};
			name = Release;
		};
		631DFBF61FDC6BEA00FFE2C7 /* Debug */ = {
			isa = XCBuildConfiguration;
			buildSettings = {
				ASSETCATALOG_COMPILER_APPICON_NAME = AppIcon;
				CODE_SIGN_STYLE = Automatic;
				DEVELOPMENT_TEAM = 467CCL7KXH;
				INFOPLIST_FILE = ScalableAPIClientDemo/Info.plist;
				LD_RUNPATH_SEARCH_PATHS = "$(inherited) @executable_path/Frameworks";
				PRODUCT_BUNDLE_IDENTIFIER = com.applinco.ScalableAPIClientDemo;
				PRODUCT_NAME = "$(TARGET_NAME)";
				SWIFT_VERSION = 4.0;
				TARGETED_DEVICE_FAMILY = "1,2";
			};
			name = Debug;
		};
		631DFBF71FDC6BEA00FFE2C7 /* Release */ = {
			isa = XCBuildConfiguration;
			buildSettings = {
				ASSETCATALOG_COMPILER_APPICON_NAME = AppIcon;
				CODE_SIGN_STYLE = Automatic;
				DEVELOPMENT_TEAM = 467CCL7KXH;
				INFOPLIST_FILE = ScalableAPIClientDemo/Info.plist;
				LD_RUNPATH_SEARCH_PATHS = "$(inherited) @executable_path/Frameworks";
				PRODUCT_BUNDLE_IDENTIFIER = com.applinco.ScalableAPIClientDemo;
				PRODUCT_NAME = "$(TARGET_NAME)";
				SWIFT_VERSION = 4.0;
				TARGETED_DEVICE_FAMILY = "1,2";
			};
			name = Release;
		};
/* End XCBuildConfiguration section */

/* Begin XCConfigurationList section */
		631DFBDE1FDC6BEA00FFE2C7 /* Build configuration list for PBXProject "ScalableAPIClientDemo" */ = {
			isa = XCConfigurationList;
			buildConfigurations = (
				631DFBF31FDC6BEA00FFE2C7 /* Debug */,
				631DFBF41FDC6BEA00FFE2C7 /* Release */,
			);
			defaultConfigurationIsVisible = 0;
			defaultConfigurationName = Release;
		};
		631DFBF51FDC6BEA00FFE2C7 /* Build configuration list for PBXNativeTarget "ScalableAPIClientDemo" */ = {
			isa = XCConfigurationList;
			buildConfigurations = (
				631DFBF61FDC6BEA00FFE2C7 /* Debug */,
				631DFBF71FDC6BEA00FFE2C7 /* Release */,
			);
			defaultConfigurationIsVisible = 0;
			defaultConfigurationName = Release;
		};
/* End XCConfigurationList section */
	};
	rootObject = 631DFBDB1FDC6BEA00FFE2C7 /* Project object */;
}
