// !$*UTF8*$!
{
	archiveVersion = 1;
	classes = {
	};
	objectVersion = 48;
	objects = {

/* Begin PBXBuildFile section */
		631DFBE71FDC6BEA00FFE2C7 /* AppDelegate.swift in Sources */ = {isa = PBXBuildFile; fileRef = 631DFBE61FDC6BEA00FFE2C7 /* AppDelegate.swift */; };
		631DFBE91FDC6BEA00FFE2C7 /* ViewController.swift in Sources */ = {isa = PBXBuildFile; fileRef = 631DFBE81FDC6BEA00FFE2C7 /* ViewController.swift */; };
		631DFBEC1FDC6BEA00FFE2C7 /* Main.storyboard in Resources */ = {isa = PBXBuildFile; fileRef = 631DFBEA1FDC6BEA00FFE2C7 /* Main.storyboard */; };
		631DFBEE1FDC6BEA00FFE2C7 /* Assets.xcassets in Resources */ = {isa = PBXBuildFile; fileRef = 631DFBED1FDC6BEA00FFE2C7 /* Assets.xcassets */; };
		631DFBF11FDC6BEA00FFE2C7 /* LaunchScreen.storyboard in Resources */ = {isa = PBXBuildFile; fileRef = 631DFBEF1FDC6BEA00FFE2C7 /* LaunchScreen.storyboard */; };
/* End PBXBuildFile section */

/* Begin PBXFileReference section */
		631DFBE31FDC6BEA00FFE2C7 /* ScalableAPIClientDemo.app */ = {isa = PBXFileReference; explicitFileType = wrapper.application; includeInIndex = 0; path = ScalableAPIClientDemo.app; sourceTree = BUILT_PRODUCTS_DIR; };
		631DFBE61FDC6BEA00FFE2C7 /* AppDelegate.swift */ = {isa = PBXFileReference; lastKnownFileType = sourcecode.swift; path = AppDelegate.swift; sourceTree = "<group>"; };
		631DFBE81FDC6BEA00FFE2C7 /* ViewController.swift */ = {isa = PBXFileReference; lastKnownFileType = sourcecode.swift; path = ViewController.swift; sourceTree = "<group>"; };
		631DFBEB1FDC6BEA00FFE2C7 /* Base */ = {isa = PBXFileReference; lastKnownFileType = file.storyboard; name = Base; path = Base.lproj/Main.storyboard; sourceTree = "<group>"; };
		631DFBED1FDC6BEA00FFE2C7 /* Assets.xcassets */ = {isa = PBXFileReference; lastKnownFileType = folder.assetcatalog; path = Assets.xcassets; sourceTree = "<group>"; };
		631DFBF01FDC6BEA00FFE2C7 /* Base */ = {isa = PBXFileReference; lastKnownFileType = file.storyboard; name = Base; path = Base.lproj/LaunchScreen.storyboard; sourceTree = "<group>"; };
		631DFBF21FDC6BEA00FFE2C7 /* Info.plist */ = {isa = PBXFileReference; lastKnownFileType = text.plist.xml; path = Info.plist; sourceTree = "<group>"; };
/* End PBXFileReference section */

/* Begin PBXFrameworksBuildPhase section */
		631DFBE01FDC6BEA00FFE2C7 /* Frameworks */ = {
			isa = PBXFrameworksBuildPhase;
			buildActionMask = 2147483647;
			files = (
			);
			runOnlyForDeploymentPostprocessing = 0;
		};
/* End PBXFrameworksBuildPhase section */

/* Begin PBXGroup section */
		631DFBDA1FDC6BEA00FFE2C7 = {
			isa = PBXGroup;
			children = (
				631DFBE51FDC6BEA00FFE2C7 /* ScalableAPIClientDemo */,
				631DFBE41FDC6BEA00FFE2C7 /* Products */,
			);
			sourceTree = "<group>";
		};
		631DFBE41FDC6BEA00FFE2C7 /* Products */ = {
			isa = PBXGroup;
			children = (
				631DFBE31FDC6BEA00FFE2C7 /* ScalableAPIClientDemo.app */,
			);
			name = Products;
			sourceTree = "<group>";
		};
		631DFBE51FDC6BEA00FFE2C7 /* ScalableAPIClientDemo */ = {
			isa = PBXGroup;
			children = (
				631DFBE61FDC6BEA00FFE2C7 /* AppDelegate.swift */,
				631DFBE81FDC6BEA00FFE2C7 /* ViewController.swift */,
				631DFBEA1FDC6BEA00FFE2C7 /* Main.storyboard */,
				631DFBED1FDC6BEA00FFE2C7 /* Assets.xcassets */,
				631DFBEF1FDC6BEA00FFE2C7 /* LaunchScreen.storyboard */,
				631DFBF21FDC6BEA00FFE2C7 /* Info.plist */,
			);
			path = ScalableAPIClientDemo;
			sourceTree = "<group>";
		};
/* End PBXGroup section */

/* Begin PBXNativeTarget section */
		631DFBE21FDC6BEA00FFE2C7 /* ScalableAPIClientDemo */ = {
			isa = PBXNativeTarget;
			buildConfigurationList = 631DFBF51FDC6BEA00FFE2C7 /* Build configuration list for PBXNativeTarget "ScalableAPIClientDemo" */;
			buildPhases = (
				631DFBDF1FDC6BEA00FFE2C7 /* Sources */,
				631DFBE01FDC6BEA00FFE2C7 /* Frameworks */,
				631DFBE11FDC6BEA00FFE2C7 /* Resources */,
			);
			buildRules = (
			);
			dependencies = (
			);
			name = ScalableAPIClientDemo;
			productName = ScalableAPIClientDemo;
			productReference = 631DFBE31FDC6BEA00FFE2C7 /* ScalableAPIClientDemo.app */;
			productType = "com.apple.product-type.application";
		};
/* End PBXNativeTarget section */

/* Begin PBXProject section */
		631DFBDB1FDC6BEA00FFE2C7 /* Project object */ = {
			isa = PBXProject;
			attributes = {
				LastSwiftUpdateCheck = 0920;
				LastUpgradeCheck = 0920;
				ORGANIZATIONNAME = David;
				TargetAttributes = {
					631DFBE21FDC6BEA00FFE2C7 = {
						CreatedOnToolsVersion = 9.2;
						ProvisioningStyle = Automatic;
					};
				};
			};
			buildConfigurationList = 631DFBDE1FDC6BEA00FFE2C7 /* Build configuration list for PBXProject "ScalableAPIClientDemo" */;
			compatibilityVersion = "Xcode 8.0";
			developmentRegion = en;
			hasScannedForEncodings = 0;
			knownRegions = (
				en,
				Base,
			);
			mainGroup = 631DFBDA1FDC6BEA00FFE2C7;
			productRefGroup = 631DFBE41FDC6BEA00FFE2C7 /* Products */;
			projectDirPath = "";
			projectRoot = "";
			targets = (
				631DFBE21FDC6BEA00FFE2C7 /* ScalableAPIClientDemo */,
			);
		};
/* End PBXProject section */

/* Begin PBXResourcesBuildPhase section */
		631DFBE11FDC6BEA00FFE2C7 /* Resources */ = {
			isa = PBXResourcesBuildPhase;
			buildActionMask = 2147483647;
			files = (
				631DFBF11FDC6BEA00FFE2C7 /* LaunchScreen.storyboard in Resources */,
				631DFBEE1FDC6BEA00FFE2C7 /* Assets.xcassets in Resources */,
				631DFBEC1FDC6BEA00FFE2C7 /* Main.storyboard in Resources */,
			);
			runOnlyForDeploymentPostprocessing = 0;
		};
/* End PBXResourcesBuildPhase section */

/* Begin PBXSourcesBuildPhase section */
		631DFBDF1FDC6BEA00FFE2C7 /* Sources */ = {
			isa = PBXSourcesBuildPhase;
			buildActionMask = 2147483647;
			files = (
				631DFBE91FDC6BEA00FFE2C7 /* ViewController.swift in Sources */,
				631DFBE71FDC6BEA00FFE2C7 /* AppDelegate.swift in Sources */,
			);
			runOnlyForDeploymentPostprocessing = 0;
		};
/* End PBXSourcesBuildPhase section */

/* Begin PBXVariantGroup section */
		631DFBEA1FDC6BEA00FFE2C7 /* Main.storyboard */ = {
			isa = PBXVariantGroup;
			children = (
				631DFBEB1FDC6BEA00FFE2C7 /* Base */,
			);
			name = Main.storyboard;
			sourceTree = "<group>";
		};
		631DFBEF1FDC6BEA00FFE2C7 /* LaunchScreen.storyboard */ = {
			isa = PBXVariantGroup;
			children = (
				631DFBF01FDC6BEA00FFE2C7 /* Base */,
			);
			name = LaunchScreen.storyboard;
			sourceTree = "<group>";
		};
/* End PBXVariantGroup section */

/* Begin XCBuildConfiguration section */
		631DFBF31FDC6BEA00FFE2C7 /* Debug */ = {
			isa = XCBuildConfiguration;
			buildSettings = {
				ALWAYS_SEARCH_USER_PATHS = NO;
				CLANG_ANALYZER_NONNULL = YES;
				CLANG_ANALYZER_NUMBER_OBJECT_CONVERSION = YES_AGGRESSIVE;
				CLANG_CXX_LANGUAGE_STANDARD = "gnu++14";
				CLANG_CXX_LIBRARY = "libc++";
				CLANG_ENABLE_MODULES = YES;
				CLANG_ENABLE_OBJC_ARC = YES;
				CLANG_WARN_BLOCK_CAPTURE_AUTORELEASING = YES;
				CLANG_WARN_BOOL_CONVERSION = YES;
				CLANG_WARN_COMMA = YES;
				CLANG_WARN_CONSTANT_CONVERSION = YES;
				CLANG_WARN_DIRECT_OBJC_ISA_USAGE = YES_ERROR;
				CLANG_WARN_DOCUMENTATION_COMMENTS = YES;
				CLANG_WARN_EMPTY_BODY = YES;
				CLANG_WARN_ENUM_CONVERSION = YES;
				CLANG_WARN_INFINITE_RECURSION = YES;
				CLANG_WARN_INT_CONVERSION = YES;
				CLANG_WARN_NON_LITERAL_NULL_CONVERSION = YES;
				CLANG_WARN_OBJC_LITERAL_CONVERSION = YES;
				CLANG_WARN_OBJC_ROOT_CLASS = YES_ERROR;
				CLANG_WARN_RANGE_LOOP_ANALYSIS = YES;
				CLANG_WARN_STRICT_PROTOTYPES = YES;
				CLANG_WARN_SUSPICIOUS_MOVE = YES;
				CLANG_WARN_UNGUARDED_AVAILABILITY = YES_AGGRESSIVE;
				CLANG_WARN_UNREACHABLE_CODE = YES;
				CLANG_WARN__DUPLICATE_METHOD_MATCH = YES;
				CODE_SIGN_IDENTITY = "iPhone Developer";
				COPY_PHASE_STRIP = NO;
				DEBUG_INFORMATION_FORMAT = dwarf;
				ENABLE_STRICT_OBJC_MSGSEND = YES;
				ENABLE_TESTABILITY = YES;
				GCC_C_LANGUAGE_STANDARD = gnu11;
				GCC_DYNAMIC_NO_PIC = NO;
				GCC_NO_COMMON_BLOCKS = YES;
				GCC_OPTIMIZATION_LEVEL = 0;
				GCC_PREPROCESSOR_DEFINITIONS = (
					"DEBUG=1",
					"$(inherited)",
				);
				GCC_WARN_64_TO_32_BIT_CONVERSION = YES;
				GCC_WARN_ABOUT_RETURN_TYPE = YES_ERROR;
				GCC_WARN_UNDECLARED_SELECTOR = YES;
				GCC_WARN_UNINITIALIZED_AUTOS = YES_AGGRESSIVE;
				GCC_WARN_UNUSED_FUNCTION = YES;
				GCC_WARN_UNUSED_VARIABLE = YES;
				IPHONEOS_DEPLOYMENT_TARGET = 11.2;
				MTL_ENABLE_DEBUG_INFO = YES;
				ONLY_ACTIVE_ARCH = YES;
				SDKROOT = iphoneos;
				SWIFT_ACTIVE_COMPILATION_CONDITIONS = DEBUG;
				SWIFT_OPTIMIZATION_LEVEL = "-Onone";
			};
			name = Debug;
		};
		631DFBF41FDC6BEA00FFE2C7 /* Release */ = {
			isa = XCBuildConfiguration;
			buildSettings = {
				ALWAYS_SEARCH_USER_PATHS = NO;
				CLANG_ANALYZER_NONNULL = YES;
				CLANG_ANALYZER_NUMBER_OBJECT_CONVERSION = YES_AGGRESSIVE;
				CLANG_CXX_LANGUAGE_STANDARD = "gnu++14";
				CLANG_CXX_LIBRARY = "libc++";
				CLANG_ENABLE_MODULES = YES;
				CLANG_ENABLE_OBJC_ARC = YES;
				CLANG_WARN_BLOCK_CAPTURE_AUTORELEASING = YES;
				CLANG_WARN_BOOL_CONVERSION = YES;
				CLANG_WARN_COMMA = YES;
				CLANG_WARN_CONSTANT_CONVERSION = YES;
				CLANG_WARN_DIRECT_OBJC_ISA_USAGE = YES_ERROR;
				CLANG_WARN_DOCUMENTATION_COMMENTS = YES;
				CLANG_WARN_EMPTY_BODY = YES;
				CLANG_WARN_ENUM_CONVERSION = YES;
				CLANG_WARN_INFINITE_RECURSION = YES;
				CLANG_WARN_INT_CONVERSION = YES;
				CLANG_WARN_NON_LITERAL_NULL_CONVERSION = YES;
				CLANG_WARN_OBJC_LITERAL_CONVERSION = YES;
				CLANG_WARN_OBJC_ROOT_CLASS = YES_ERROR;
				CLANG_WARN_RANGE_LOOP_ANALYSIS = YES;
				CLANG_WARN_STRICT_PROTOTYPES = YES;
				CLANG_WARN_SUSPICIOUS_MOVE = YES;
				CLANG_WARN_UNGUARDED_AVAILABILITY = YES_AGGRESSIVE;
				CLANG_WARN_UNREACHABLE_CODE = YES;
				CLANG_WARN__DUPLICATE_METHOD_MATCH = YES;
				CODE_SIGN_IDENTITY = "iPhone Developer";
				COPY_PHASE_STRIP = NO;
				DEBUG_INFORMATION_FORMAT = "dwarf-with-dsym";
				ENABLE_NS_ASSERTIONS = NO;
				ENABLE_STRICT_OBJC_MSGSEND = YES;
				GCC_C_LANGUAGE_STANDARD = gnu11;
				GCC_NO_COMMON_BLOCKS = YES;
				GCC_WARN_64_TO_32_BIT_CONVERSION = YES;
				GCC_WARN_ABOUT_RETURN_TYPE = YES_ERROR;
				GCC_WARN_UNDECLARED_SELECTOR = YES;
				GCC_WARN_UNINITIALIZED_AUTOS = YES_AGGRESSIVE;
				GCC_WARN_UNUSED_FUNCTION = YES;
				GCC_WARN_UNUSED_VARIABLE = YES;
				IPHONEOS_DEPLOYMENT_TARGET = 11.2;
				MTL_ENABLE_DEBUG_INFO = NO;
				SDKROOT = iphoneos;
				SWIFT_OPTIMIZATION_LEVEL = "-Owholemodule";
				VALIDATE_PRODUCT = YES;
			};
			name = Release;
		};
		631DFBF61FDC6BEA00FFE2C7 /* Debug */ = {
			isa = XCBuildConfiguration;
			buildSettings = {
				ASSETCATALOG_COMPILER_APPICON_NAME = AppIcon;
				CODE_SIGN_STYLE = Automatic;
				DEVELOPMENT_TEAM = 467CCL7KXH;
				INFOPLIST_FILE = ScalableAPIClientDemo/Info.plist;
				LD_RUNPATH_SEARCH_PATHS = "$(inherited) @executable_path/Frameworks";
				PRODUCT_BUNDLE_IDENTIFIER = com.applinco.ScalableAPIClientDemo;
				PRODUCT_NAME = "$(TARGET_NAME)";
				SWIFT_VERSION = 4.0;
				TARGETED_DEVICE_FAMILY = "1,2";
			};
			name = Debug;
		};
		631DFBF71FDC6BEA00FFE2C7 /* Release */ = {
			isa = XCBuildConfiguration;
			buildSettings = {
				ASSETCATALOG_COMPILER_APPICON_NAME = AppIcon;
				CODE_SIGN_STYLE = Automatic;
				DEVELOPMENT_TEAM = 467CCL7KXH;
				INFOPLIST_FILE = ScalableAPIClientDemo/Info.plist;
				LD_RUNPATH_SEARCH_PATHS = "$(inherited) @executable_path/Frameworks";
				PRODUCT_BUNDLE_IDENTIFIER = com.applinco.ScalableAPIClientDemo;
				PRODUCT_NAME = "$(TARGET_NAME)";
				SWIFT_VERSION = 4.0;
				TARGETED_DEVICE_FAMILY = "1,2";
			};
			name = Release;
		};
/* End XCBuildConfiguration section */

/* Begin XCConfigurationList section */
		631DFBDE1FDC6BEA00FFE2C7 /* Build configuration list for PBXProject "ScalableAPIClientDemo" */ = {
			isa = XCConfigurationList;
			buildConfigurations = (
				631DFBF31FDC6BEA00FFE2C7 /* Debug */,
				631DFBF41FDC6BEA00FFE2C7 /* Release */,
			);
			defaultConfigurationIsVisible = 0;
			defaultConfigurationName = Release;
		};
		631DFBF51FDC6BEA00FFE2C7 /* Build configuration list for PBXNativeTarget "ScalableAPIClientDemo" */ = {
			isa = XCConfigurationList;
			buildConfigurations = (
				631DFBF61FDC6BEA00FFE2C7 /* Debug */,
				631DFBF71FDC6BEA00FFE2C7 /* Release */,
			);
			defaultConfigurationIsVisible = 0;
			defaultConfigurationName = Release;
		};
/* End XCConfigurationList section */
	};
	rootObject = 631DFBDB1FDC6BEA00FFE2C7 /* Project object */;
}
